// !$*UTF8*$!
{
	archiveVersion = 1;
	classes = {
	};
	objectVersion = 50;
	objects = {

/* Begin PBXBuildFile section */
		D849F2D82492A92400835E17 /* AppDelegate.swift in Sources */ = {isa = PBXBuildFile; fileRef = D849F2D72492A92400835E17 /* AppDelegate.swift */; };
		D849F2DA2492A92400835E17 /* SceneDelegate.swift in Sources */ = {isa = PBXBuildFile; fileRef = D849F2D92492A92400835E17 /* SceneDelegate.swift */; };
		D849F2DC2492A92400835E17 /* ViewController.swift in Sources */ = {isa = PBXBuildFile; fileRef = D849F2DB2492A92400835E17 /* ViewController.swift */; };
		D849F2DF2492A92400835E17 /* Main.storyboard in Resources */ = {isa = PBXBuildFile; fileRef = D849F2DD2492A92400835E17 /* Main.storyboard */; };
		D849F2E12492A92600835E17 /* Assets.xcassets in Resources */ = {isa = PBXBuildFile; fileRef = D849F2E02492A92600835E17 /* Assets.xcassets */; };
		D849F2E42492A92600835E17 /* LaunchScreen.storyboard in Resources */ = {isa = PBXBuildFile; fileRef = D849F2E22492A92600835E17 /* LaunchScreen.storyboard */; };
		D849F2EC2492AA8F00835E17 /* PersonCell.swift in Sources */ = {isa = PBXBuildFile; fileRef = D849F2EB2492AA8E00835E17 /* PersonCell.swift */; };
		DD3E51682788FFFE00B59564 /* Person.swift in Sources */ = {isa = PBXBuildFile; fileRef = DD3E51672788FFFE00B59564 /* Person.swift */; };
/* End PBXBuildFile section */

/* Begin PBXFileReference section */
		D849F2D42492A92400835E17 /* NamesToFaces.app */ = {isa = PBXFileReference; explicitFileType = wrapper.application; includeInIndex = 0; path = NamesToFaces.app; sourceTree = BUILT_PRODUCTS_DIR; };
		D849F2D72492A92400835E17 /* AppDelegate.swift */ = {isa = PBXFileReference; lastKnownFileType = sourcecode.swift; path = AppDelegate.swift; sourceTree = "<group>"; };
		D849F2D92492A92400835E17 /* SceneDelegate.swift */ = {isa = PBXFileReference; lastKnownFileType = sourcecode.swift; path = SceneDelegate.swift; sourceTree = "<group>"; };
		D849F2DB2492A92400835E17 /* ViewController.swift */ = {isa = PBXFileReference; lastKnownFileType = sourcecode.swift; path = ViewController.swift; sourceTree = "<group>"; };
		D849F2DE2492A92400835E17 /* Base */ = {isa = PBXFileReference; lastKnownFileType = file.storyboard; name = Base; path = Base.lproj/Main.storyboard; sourceTree = "<group>"; };
		D849F2E02492A92600835E17 /* Assets.xcassets */ = {isa = PBXFileReference; lastKnownFileType = folder.assetcatalog; path = Assets.xcassets; sourceTree = "<group>"; };
		D849F2E32492A92600835E17 /* Base */ = {isa = PBXFileReference; lastKnownFileType = file.storyboard; name = Base; path = Base.lproj/LaunchScreen.storyboard; sourceTree = "<group>"; };
		D849F2E52492A92600835E17 /* Info.plist */ = {isa = PBXFileReference; lastKnownFileType = text.plist.xml; path = Info.plist; sourceTree = "<group>"; };
		D849F2EB2492AA8E00835E17 /* PersonCell.swift */ = {isa = PBXFileReference; lastKnownFileType = sourcecode.swift; path = PersonCell.swift; sourceTree = "<group>"; };
		DD3E51672788FFFE00B59564 /* Person.swift */ = {isa = PBXFileReference; lastKnownFileType = sourcecode.swift; name = Person.swift; path = ../../NamestoFaces/NamesToFaces/Person.swift; sourceTree = "<group>"; };
/* End PBXFileReference section */

/* Begin PBXFrameworksBuildPhase section */
		D849F2D12492A92400835E17 /* Frameworks */ = {
			isa = PBXFrameworksBuildPhase;
			buildActionMask = 2147483647;
			files = (
			);
			runOnlyForDeploymentPostprocessing = 0;
		};
/* End PBXFrameworksBuildPhase section */

/* Begin PBXGroup section */
		D849F2CB2492A92400835E17 = {
			isa = PBXGroup;
			children = (
				D849F2D62492A92400835E17 /* NamesToFaces */,
				D849F2D52492A92400835E17 /* Products */,
			);
			sourceTree = "<group>";
		};
		D849F2D52492A92400835E17 /* Products */ = {
			isa = PBXGroup;
			children = (
				D849F2D42492A92400835E17 /* NamesToFaces.app */,
			);
			name = Products;
			sourceTree = "<group>";
		};
		D849F2D62492A92400835E17 /* NamesToFaces */ = {
			isa = PBXGroup;
			children = (
				D849F2D72492A92400835E17 /* AppDelegate.swift */,
				D849F2D92492A92400835E17 /* SceneDelegate.swift */,
				D849F2DB2492A92400835E17 /* ViewController.swift */,
				DD3E51672788FFFE00B59564 /* Person.swift */,
				D849F2DD2492A92400835E17 /* Main.storyboard */,
				D849F2EB2492AA8E00835E17 /* PersonCell.swift */,
				D849F2E02492A92600835E17 /* Assets.xcassets */,
				D849F2E22492A92600835E17 /* LaunchScreen.storyboard */,
				D849F2E52492A92600835E17 /* Info.plist */,
			);
			path = NamesToFaces;
			sourceTree = "<group>";
		};
/* End PBXGroup section */

/* Begin PBXNativeTarget section */
		D849F2D32492A92400835E17 /* NamesToFaces */ = {
			isa = PBXNativeTarget;
			buildConfigurationList = D849F2E82492A92600835E17 /* Build configuration list for PBXNativeTarget "NamesToFaces" */;
			buildPhases = (
				D849F2D02492A92400835E17 /* Sources */,
				D849F2D12492A92400835E17 /* Frameworks */,
				D849F2D22492A92400835E17 /* Resources */,
			);
			buildRules = (
			);
			dependencies = (
			);
			name = NamesToFaces;
			productName = NamesToFaces;
			productReference = D849F2D42492A92400835E17 /* NamesToFaces.app */;
			productType = "com.apple.product-type.application";
		};
/* End PBXNativeTarget section */

/* Begin PBXProject section */
		D849F2CC2492A92400835E17 /* Project object */ = {
			isa = PBXProject;
			attributes = {
				LastSwiftUpdateCheck = 1120;
				LastUpgradeCheck = 1120;
				ORGANIZATIONNAME = "Shubham shah";
				TargetAttributes = {
					D849F2D32492A92400835E17 = {
						CreatedOnToolsVersion = 11.2.1;
					};
				};
			};
			buildConfigurationList = D849F2CF2492A92400835E17 /* Build configuration list for PBXProject "NamesToFaces" */;
			compatibilityVersion = "Xcode 9.3";
			developmentRegion = en;
			hasScannedForEncodings = 0;
			knownRegions = (
				en,
				Base,
			);
			mainGroup = D849F2CB2492A92400835E17;
			productRefGroup = D849F2D52492A92400835E17 /* Products */;
			projectDirPath = "";
			projectRoot = "";
			targets = (
				D849F2D32492A92400835E17 /* NamesToFaces */,
			);
		};
/* End PBXProject section */

/* Begin PBXResourcesBuildPhase section */
		D849F2D22492A92400835E17 /* Resources */ = {
			isa = PBXResourcesBuildPhase;
			buildActionMask = 2147483647;
			files = (
				D849F2E42492A92600835E17 /* LaunchScreen.storyboard in Resources */,
				D849F2E12492A92600835E17 /* Assets.xcassets in Resources */,
				D849F2DF2492A92400835E17 /* Main.storyboard in Resources */,
			);
			runOnlyForDeploymentPostprocessing = 0;
		};
/* End PBXResourcesBuildPhase section */

/* Begin PBXSourcesBuildPhase section */
		D849F2D02492A92400835E17 /* Sources */ = {
			isa = PBXSourcesBuildPhase;
			buildActionMask = 2147483647;
			files = (
				DD3E51682788FFFE00B59564 /* Person.swift in Sources */,
				D849F2DC2492A92400835E17 /* ViewController.swift in Sources */,
				D849F2D82492A92400835E17 /* AppDelegate.swift in Sources */,
				D849F2EC2492AA8F00835E17 /* PersonCell.swift in Sources */,
				D849F2DA2492A92400835E17 /* SceneDelegate.swift in Sources */,
			);
			runOnlyForDeploymentPostprocessing = 0;
		};
/* End PBXSourcesBuildPhase section */

/* Begin PBXVariantGroup section */
		D849F2DD2492A92400835E17 /* Main.storyboard */ = {
			isa = PBXVariantGroup;
			children = (
				D849F2DE2492A92400835E17 /* Base */,
			);
			name = Main.storyboard;
			sourceTree = "<group>";
		};
		D849F2E22492A92600835E17 /* LaunchScreen.storyboard */ = {
			isa = PBXVariantGroup;
			children = (
				D849F2E32492A92600835E17 /* Base */,
			);
			name = LaunchScreen.storyboard;
			sourceTree = "<group>";
		};
/* End PBXVariantGroup section */

/* Begin XCBuildConfiguration section */
		D849F2E62492A92600835E17 /* Debug */ = {
			isa = XCBuildConfiguration;
			buildSettings = {
				ALWAYS_SEARCH_USER_PATHS = NO;
				CLANG_ANALYZER_NONNULL = YES;
				CLANG_ANALYZER_NUMBER_OBJECT_CONVERSION = YES_AGGRESSIVE;
				CLANG_CXX_LANGUAGE_STANDARD = "gnu++14";
				CLANG_CXX_LIBRARY = "libc++";
				CLANG_ENABLE_MODULES = YES;
				CLANG_ENABLE_OBJC_ARC = YES;
				CLANG_ENABLE_OBJC_WEAK = YES;
				CLANG_WARN_BLOCK_CAPTURE_AUTORELEASING = YES;
				CLANG_WARN_BOOL_CONVERSION = YES;
				CLANG_WARN_COMMA = YES;
				CLANG_WARN_CONSTANT_CONVERSION = YES;
				CLANG_WARN_DEPRECATED_OBJC_IMPLEMENTATIONS = YES;
				CLANG_WARN_DIRECT_OBJC_ISA_USAGE = YES_ERROR;
				CLANG_WARN_DOCUMENTATION_COMMENTS = YES;
				CLANG_WARN_EMPTY_BODY = YES;
				CLANG_WARN_ENUM_CONVERSION = YES;
				CLANG_WARN_INFINITE_RECURSION = YES;
				CLANG_WARN_INT_CONVERSION = YES;
				CLANG_WARN_NON_LITERAL_NULL_CONVERSION = YES;
				CLANG_WARN_OBJC_IMPLICIT_RETAIN_SELF = YES;
				CLANG_WARN_OBJC_LITERAL_CONVERSION = YES;
				CLANG_WARN_OBJC_ROOT_CLASS = YES_ERROR;
				CLANG_WARN_RANGE_LOOP_ANALYSIS = YES;
				CLANG_WARN_STRICT_PROTOTYPES = YES;
				CLANG_WARN_SUSPICIOUS_MOVE = YES;
				CLANG_WARN_UNGUARDED_AVAILABILITY = YES_AGGRESSIVE;
				CLANG_WARN_UNREACHABLE_CODE = YES;
				CLANG_WARN__DUPLICATE_METHOD_MATCH = YES;
				COPY_PHASE_STRIP = NO;
				DEBUG_INFORMATION_FORMAT = dwarf;
				ENABLE_STRICT_OBJC_MSGSEND = YES;
				ENABLE_TESTABILITY = YES;
				GCC_C_LANGUAGE_STANDARD = gnu11;
				GCC_DYNAMIC_NO_PIC = NO;
				GCC_NO_COMMON_BLOCKS = YES;
				GCC_OPTIMIZATION_LEVEL = 0;
				GCC_PREPROCESSOR_DEFINITIONS = (
					"DEBUG=1",
					"$(inherited)",
				);
				GCC_WARN_64_TO_32_BIT_CONVERSION = YES;
				GCC_WARN_ABOUT_RETURN_TYPE = YES_ERROR;
				GCC_WARN_UNDECLARED_SELECTOR = YES;
				GCC_WARN_UNINITIALIZED_AUTOS = YES_AGGRESSIVE;
				GCC_WARN_UNUSED_FUNCTION = YES;
				GCC_WARN_UNUSED_VARIABLE = YES;
				IPHONEOS_DEPLOYMENT_TARGET = 13.2;
				MTL_ENABLE_DEBUG_INFO = INCLUDE_SOURCE;
				MTL_FAST_MATH = YES;
				ONLY_ACTIVE_ARCH = YES;
				SDKROOT = iphoneos;
				SWIFT_ACTIVE_COMPILATION_CONDITIONS = DEBUG;
				SWIFT_OPTIMIZATION_LEVEL = "-Onone";
			};
			name = Debug;
		};
		D849F2E72492A92600835E17 /* Release */ = {
			isa = XCBuildConfiguration;
			buildSettings = {
				ALWAYS_SEARCH_USER_PATHS = NO;
				CLANG_ANALYZER_NONNULL = YES;
				CLANG_ANALYZER_NUMBER_OBJECT_CONVERSION = YES_AGGRESSIVE;
				CLANG_CXX_LANGUAGE_STANDARD = "gnu++14";
				CLANG_CXX_LIBRARY = "libc++";
				CLANG_ENABLE_MODULES = YES;
				CLANG_ENABLE_OBJC_ARC = YES;
				CLANG_ENABLE_OBJC_WEAK = YES;
				CLANG_WARN_BLOCK_CAPTURE_AUTORELEASING = YES;
				CLANG_WARN_BOOL_CONVERSION = YES;
				CLANG_WARN_COMMA = YES;
				CLANG_WARN_CONSTANT_CONVERSION = YES;
				CLANG_WARN_DEPRECATED_OBJC_IMPLEMENTATIONS = YES;
				CLANG_WARN_DIRECT_OBJC_ISA_USAGE = YES_ERROR;
				CLANG_WARN_DOCUMENTATION_COMMENTS = YES;
				CLANG_WARN_EMPTY_BODY = YES;
				CLANG_WARN_ENUM_CONVERSION = YES;
				CLANG_WARN_INFINITE_RECURSION = YES;
				CLANG_WARN_INT_CONVERSION = YES;
				CLANG_WARN_NON_LITERAL_NULL_CONVERSION = YES;
				CLANG_WARN_OBJC_IMPLICIT_RETAIN_SELF = YES;
				CLANG_WARN_OBJC_LITERAL_CONVERSION = YES;
				CLANG_WARN_OBJC_ROOT_CLASS = YES_ERROR;
				CLANG_WARN_RANGE_LOOP_ANALYSIS = YES;
				CLANG_WARN_STRICT_PROTOTYPES = YES;
				CLANG_WARN_SUSPICIOUS_MOVE = YES;
				CLANG_WARN_UNGUARDED_AVAILABILITY = YES_AGGRESSIVE;
				CLANG_WARN_UNREACHABLE_CODE = YES;
				CLANG_WARN__DUPLICATE_METHOD_MATCH = YES;
				COPY_PHASE_STRIP = NO;
				DEBUG_INFORMATION_FORMAT = "dwarf-with-dsym";
				ENABLE_NS_ASSERTIONS = NO;
				ENABLE_STRICT_OBJC_MSGSEND = YES;
				GCC_C_LANGUAGE_STANDARD = gnu11;
				GCC_NO_COMMON_BLOCKS = YES;
				GCC_WARN_64_TO_32_BIT_CONVERSION = YES;
				GCC_WARN_ABOUT_RETURN_TYPE = YES_ERROR;
				GCC_WARN_UNDECLARED_SELECTOR = YES;
				GCC_WARN_UNINITIALIZED_AUTOS = YES_AGGRESSIVE;
				GCC_WARN_UNUSED_FUNCTION = YES;
				GCC_WARN_UNUSED_VARIABLE = YES;
				IPHONEOS_DEPLOYMENT_TARGET = 13.2;
				MTL_ENABLE_DEBUG_INFO = NO;
				MTL_FAST_MATH = YES;
				SDKROOT = iphoneos;
				SWIFT_COMPILATION_MODE = wholemodule;
				SWIFT_OPTIMIZATION_LEVEL = "-O";
				VALIDATE_PRODUCT = YES;
			};
			name = Release;
		};
		D849F2E92492A92600835E17 /* Debug */ = {
			isa = XCBuildConfiguration;
			buildSettings = {
				ASSETCATALOG_COMPILER_APPICON_NAME = AppIcon;
				CODE_SIGN_STYLE = Automatic;
				DEVELOPMENT_TEAM = 9ZHBD5L2M8;
				INFOPLIST_FILE = NamesToFaces/Info.plist;
				LD_RUNPATH_SEARCH_PATHS = (
					"$(inherited)",
					"@executable_path/Frameworks",
				);
				PRODUCT_BUNDLE_IDENTIFIER = com.shubham.NamesToFaces;
				PRODUCT_NAME = "$(TARGET_NAME)";
				SWIFT_VERSION = 5.0;
				TARGETED_DEVICE_FAMILY = "1,2";
			};
			name = Debug;
		};
		D849F2EA2492A92600835E17 /* Release */ = {
			isa = XCBuildConfiguration;
			buildSettings = {
				ASSETCATALOG_COMPILER_APPICON_NAME = AppIcon;
				CODE_SIGN_STYLE = Automatic;
				DEVELOPMENT_TEAM = 9ZHBD5L2M8;
				INFOPLIST_FILE = NamesToFaces/Info.plist;
				LD_RUNPATH_SEARCH_PATHS = (
					"$(inherited)",
					"@executable_path/Frameworks",
				);
				PRODUCT_BUNDLE_IDENTIFIER = com.shubham.NamesToFaces;
				PRODUCT_NAME = "$(TARGET_NAME)";
				SWIFT_VERSION = 5.0;
				TARGETED_DEVICE_FAMILY = "1,2";
			};
			name = Release;
		};
/* End XCBuildConfiguration section */

/* Begin XCConfigurationList section */
		D849F2CF2492A92400835E17 /* Build configuration list for PBXProject "NamesToFaces" */ = {
			isa = XCConfigurationList;
			buildConfigurations = (
				D849F2E62492A92600835E17 /* Debug */,
				D849F2E72492A92600835E17 /* Release */,
			);
			defaultConfigurationIsVisible = 0;
			defaultConfigurationName = Release;
		};
		D849F2E82492A92600835E17 /* Build configuration list for PBXNativeTarget "NamesToFaces" */ = {
			isa = XCConfigurationList;
			buildConfigurations = (
				D849F2E92492A92600835E17 /* Debug */,
				D849F2EA2492A92600835E17 /* Release */,
			);
			defaultConfigurationIsVisible = 0;
			defaultConfigurationName = Release;
		};
/* End XCConfigurationList section */
	};
	rootObject = D849F2CC2492A92400835E17 /* Project object */;
}
